// !$*UTF8*$!
{
	archiveVersion = 1;
	classes = {
	};
	objectVersion = 50;
	objects = {

/* Begin PBXBuildFile section */
		434862412473D1980009D111 /* DCGravityImageView.m in Sources */ = {isa = PBXBuildFile; fileRef = 4348623D2473D1980009D111 /* DCGravityImageView.m */; };
		434862422473D1980009D111 /* DCMotionManager.m in Sources */ = {isa = PBXBuildFile; fileRef = 4348623E2473D1980009D111 /* DCMotionManager.m */; };
		43B71A4C246AA13400E078F6 /* AppDelegate.m in Sources */ = {isa = PBXBuildFile; fileRef = 43B71A4B246AA13400E078F6 /* AppDelegate.m */; };
		43B71A4F246AA13400E078F6 /* SceneDelegate.m in Sources */ = {isa = PBXBuildFile; fileRef = 43B71A4E246AA13400E078F6 /* SceneDelegate.m */; };
		43B71A52246AA13400E078F6 /* ViewController.m in Sources */ = {isa = PBXBuildFile; fileRef = 43B71A51246AA13400E078F6 /* ViewController.m */; };
		43B71A55246AA13400E078F6 /* Main.storyboard in Resources */ = {isa = PBXBuildFile; fileRef = 43B71A53246AA13400E078F6 /* Main.storyboard */; };
		43B71A57246AA13500E078F6 /* Assets.xcassets in Resources */ = {isa = PBXBuildFile; fileRef = 43B71A56246AA13500E078F6 /* Assets.xcassets */; };
		43B71A5A246AA13500E078F6 /* LaunchScreen.storyboard in Resources */ = {isa = PBXBuildFile; fileRef = 43B71A58246AA13500E078F6 /* LaunchScreen.storyboard */; };
		43B71A5D246AA13500E078F6 /* main.m in Sources */ = {isa = PBXBuildFile; fileRef = 43B71A5C246AA13500E078F6 /* main.m */; };
		43B71A67246AA13500E078F6 /* DCGravityImageTests.m in Sources */ = {isa = PBXBuildFile; fileRef = 43B71A66246AA13500E078F6 /* DCGravityImageTests.m */; };
		43B71A72246AA13600E078F6 /* DCGravityImageUITests.m in Sources */ = {isa = PBXBuildFile; fileRef = 43B71A71246AA13600E078F6 /* DCGravityImageUITests.m */; };
		45C1BDD5450E965FE79EC685 /* libPods-DCGravityImage.a in Frameworks */ = {isa = PBXBuildFile; fileRef = F1989603B441772DDBA83654 /* libPods-DCGravityImage.a */; };
/* End PBXBuildFile section */

/* Begin PBXContainerItemProxy section */
		43B71A63246AA13500E078F6 /* PBXContainerItemProxy */ = {
			isa = PBXContainerItemProxy;
			containerPortal = 43B71A3F246AA13400E078F6 /* Project object */;
			proxyType = 1;
			remoteGlobalIDString = 43B71A46246AA13400E078F6;
			remoteInfo = DCGravityImage;
		};
		43B71A6E246AA13500E078F6 /* PBXContainerItemProxy */ = {
			isa = PBXContainerItemProxy;
			containerPortal = 43B71A3F246AA13400E078F6 /* Project object */;
			proxyType = 1;
			remoteGlobalIDString = 43B71A46246AA13400E078F6;
			remoteInfo = DCGravityImage;
		};
/* End PBXContainerItemProxy section */

/* Begin PBXFileReference section */
		060705383AE96B1231AD2ED7 /* Pods-DCGravityImage.debug.xcconfig */ = {isa = PBXFileReference; includeInIndex = 1; lastKnownFileType = text.xcconfig; name = "Pods-DCGravityImage.debug.xcconfig"; path = "Target Support Files/Pods-DCGravityImage/Pods-DCGravityImage.debug.xcconfig"; sourceTree = "<group>"; };
		4348623D2473D1980009D111 /* DCGravityImageView.m */ = {isa = PBXFileReference; fileEncoding = 4; lastKnownFileType = sourcecode.c.objc; path = DCGravityImageView.m; sourceTree = "<group>"; };
		4348623E2473D1980009D111 /* DCMotionManager.m */ = {isa = PBXFileReference; fileEncoding = 4; lastKnownFileType = sourcecode.c.objc; path = DCMotionManager.m; sourceTree = "<group>"; };
		4348623F2473D1980009D111 /* DCMotionManager.h */ = {isa = PBXFileReference; fileEncoding = 4; lastKnownFileType = sourcecode.c.h; path = DCMotionManager.h; sourceTree = "<group>"; };
		434862402473D1980009D111 /* DCGravityImageView.h */ = {isa = PBXFileReference; fileEncoding = 4; lastKnownFileType = sourcecode.c.h; path = DCGravityImageView.h; sourceTree = "<group>"; };
		43B71A47246AA13400E078F6 /* DCGravityImage.app */ = {isa = PBXFileReference; explicitFileType = wrapper.application; includeInIndex = 0; path = DCGravityImage.app; sourceTree = BUILT_PRODUCTS_DIR; };
		43B71A4A246AA13400E078F6 /* AppDelegate.h */ = {isa = PBXFileReference; lastKnownFileType = sourcecode.c.h; path = AppDelegate.h; sourceTree = "<group>"; };
		43B71A4B246AA13400E078F6 /* AppDelegate.m */ = {isa = PBXFileReference; lastKnownFileType = sourcecode.c.objc; path = AppDelegate.m; sourceTree = "<group>"; };
		43B71A4D246AA13400E078F6 /* SceneDelegate.h */ = {isa = PBXFileReference; lastKnownFileType = sourcecode.c.h; path = SceneDelegate.h; sourceTree = "<group>"; };
		43B71A4E246AA13400E078F6 /* SceneDelegate.m */ = {isa = PBXFileReference; lastKnownFileType = sourcecode.c.objc; path = SceneDelegate.m; sourceTree = "<group>"; };
		43B71A50246AA13400E078F6 /* ViewController.h */ = {isa = PBXFileReference; lastKnownFileType = sourcecode.c.h; path = ViewController.h; sourceTree = "<group>"; };
		43B71A51246AA13400E078F6 /* ViewController.m */ = {isa = PBXFileReference; lastKnownFileType = sourcecode.c.objc; path = ViewController.m; sourceTree = "<group>"; };
		43B71A54246AA13400E078F6 /* Base */ = {isa = PBXFileReference; lastKnownFileType = file.storyboard; name = Base; path = Base.lproj/Main.storyboard; sourceTree = "<group>"; };
		43B71A56246AA13500E078F6 /* Assets.xcassets */ = {isa = PBXFileReference; lastKnownFileType = folder.assetcatalog; path = Assets.xcassets; sourceTree = "<group>"; };
		43B71A59246AA13500E078F6 /* Base */ = {isa = PBXFileReference; lastKnownFileType = file.storyboard; name = Base; path = Base.lproj/LaunchScreen.storyboard; sourceTree = "<group>"; };
		43B71A5B246AA13500E078F6 /* Info.plist */ = {isa = PBXFileReference; lastKnownFileType = text.plist.xml; path = Info.plist; sourceTree = "<group>"; };
		43B71A5C246AA13500E078F6 /* main.m */ = {isa = PBXFileReference; lastKnownFileType = sourcecode.c.objc; path = main.m; sourceTree = "<group>"; };
		43B71A62246AA13500E078F6 /* DCGravityImageTests.xctest */ = {isa = PBXFileReference; explicitFileType = wrapper.cfbundle; includeInIndex = 0; path = DCGravityImageTests.xctest; sourceTree = BUILT_PRODUCTS_DIR; };
		43B71A66246AA13500E078F6 /* DCGravityImageTests.m */ = {isa = PBXFileReference; lastKnownFileType = sourcecode.c.objc; path = DCGravityImageTests.m; sourceTree = "<group>"; };
		43B71A68246AA13500E078F6 /* Info.plist */ = {isa = PBXFileReference; lastKnownFileType = text.plist.xml; path = Info.plist; sourceTree = "<group>"; };
		43B71A6D246AA13500E078F6 /* DCGravityImageUITests.xctest */ = {isa = PBXFileReference; explicitFileType = wrapper.cfbundle; includeInIndex = 0; path = DCGravityImageUITests.xctest; sourceTree = BUILT_PRODUCTS_DIR; };
		43B71A71246AA13600E078F6 /* DCGravityImageUITests.m */ = {isa = PBXFileReference; lastKnownFileType = sourcecode.c.objc; path = DCGravityImageUITests.m; sourceTree = "<group>"; };
		43B71A73246AA13600E078F6 /* Info.plist */ = {isa = PBXFileReference; lastKnownFileType = text.plist.xml; path = Info.plist; sourceTree = "<group>"; };
		856C79650944EDB72A7ACD1A /* Pods-DCGravityImage.release.xcconfig */ = {isa = PBXFileReference; includeInIndex = 1; lastKnownFileType = text.xcconfig; name = "Pods-DCGravityImage.release.xcconfig"; path = "Target Support Files/Pods-DCGravityImage/Pods-DCGravityImage.release.xcconfig"; sourceTree = "<group>"; };
		F1989603B441772DDBA83654 /* libPods-DCGravityImage.a */ = {isa = PBXFileReference; explicitFileType = archive.ar; includeInIndex = 0; path = "libPods-DCGravityImage.a"; sourceTree = BUILT_PRODUCTS_DIR; };
/* End PBXFileReference section */

/* Begin PBXFrameworksBuildPhase section */
		43B71A44246AA13400E078F6 /* Frameworks */ = {
			isa = PBXFrameworksBuildPhase;
			buildActionMask = 2147483647;
			files = (
				45C1BDD5450E965FE79EC685 /* libPods-DCGravityImage.a in Frameworks */,
			);
			runOnlyForDeploymentPostprocessing = 0;
		};
		43B71A5F246AA13500E078F6 /* Frameworks */ = {
			isa = PBXFrameworksBuildPhase;
			buildActionMask = 2147483647;
			files = (
			);
			runOnlyForDeploymentPostprocessing = 0;
		};
		43B71A6A246AA13500E078F6 /* Frameworks */ = {
			isa = PBXFrameworksBuildPhase;
			buildActionMask = 2147483647;
			files = (
			);
			runOnlyForDeploymentPostprocessing = 0;
		};
/* End PBXFrameworksBuildPhase section */

/* Begin PBXGroup section */
		4348623C2473D17B0009D111 /* DCGravityImageView */ = {
			isa = PBXGroup;
			children = (
				434862402473D1980009D111 /* DCGravityImageView.h */,
				4348623D2473D1980009D111 /* DCGravityImageView.m */,
				4348623F2473D1980009D111 /* DCMotionManager.h */,
				4348623E2473D1980009D111 /* DCMotionManager.m */,
			);
			path = DCGravityImageView;
			sourceTree = "<group>";
		};
		43B71A3E246AA13400E078F6 = {
			isa = PBXGroup;
			children = (
				43B71A49246AA13400E078F6 /* DCGravityImage */,
				43B71A65246AA13500E078F6 /* DCGravityImageTests */,
				43B71A70246AA13600E078F6 /* DCGravityImageUITests */,
				43B71A48246AA13400E078F6 /* Products */,
				CF299D4B59BB6F3F4ED25A8B /* Pods */,
				45AF2B16B801B3AA11E797D7 /* Frameworks */,
			);
			sourceTree = "<group>";
		};
		43B71A48246AA13400E078F6 /* Products */ = {
			isa = PBXGroup;
			children = (
				43B71A47246AA13400E078F6 /* DCGravityImage.app */,
				43B71A62246AA13500E078F6 /* DCGravityImageTests.xctest */,
				43B71A6D246AA13500E078F6 /* DCGravityImageUITests.xctest */,
			);
			name = Products;
			sourceTree = "<group>";
		};
		43B71A49246AA13400E078F6 /* DCGravityImage */ = {
			isa = PBXGroup;
			children = (
				4348623C2473D17B0009D111 /* DCGravityImageView */,
				43B71A4A246AA13400E078F6 /* AppDelegate.h */,
				43B71A4B246AA13400E078F6 /* AppDelegate.m */,
				43B71A4D246AA13400E078F6 /* SceneDelegate.h */,
				43B71A4E246AA13400E078F6 /* SceneDelegate.m */,
				43B71A50246AA13400E078F6 /* ViewController.h */,
				43B71A51246AA13400E078F6 /* ViewController.m */,
				43B71A53246AA13400E078F6 /* Main.storyboard */,
				43B71A56246AA13500E078F6 /* Assets.xcassets */,
				43B71A58246AA13500E078F6 /* LaunchScreen.storyboard */,
				43B71A5B246AA13500E078F6 /* Info.plist */,
				43B71A5C246AA13500E078F6 /* main.m */,
			);
			path = DCGravityImage;
			sourceTree = "<group>";
		};
		43B71A65246AA13500E078F6 /* DCGravityImageTests */ = {
			isa = PBXGroup;
			children = (
				43B71A66246AA13500E078F6 /* DCGravityImageTests.m */,
				43B71A68246AA13500E078F6 /* Info.plist */,
			);
			path = DCGravityImageTests;
			sourceTree = "<group>";
		};
		43B71A70246AA13600E078F6 /* DCGravityImageUITests */ = {
			isa = PBXGroup;
			children = (
				43B71A71246AA13600E078F6 /* DCGravityImageUITests.m */,
				43B71A73246AA13600E078F6 /* Info.plist */,
			);
			path = DCGravityImageUITests;
			sourceTree = "<group>";
		};
		45AF2B16B801B3AA11E797D7 /* Frameworks */ = {
			isa = PBXGroup;
			children = (
				F1989603B441772DDBA83654 /* libPods-DCGravityImage.a */,
			);
			name = Frameworks;
			sourceTree = "<group>";
		};
		CF299D4B59BB6F3F4ED25A8B /* Pods */ = {
			isa = PBXGroup;
			children = (
				060705383AE96B1231AD2ED7 /* Pods-DCGravityImage.debug.xcconfig */,
				856C79650944EDB72A7ACD1A /* Pods-DCGravityImage.release.xcconfig */,
			);
			path = Pods;
			sourceTree = "<group>";
		};
/* End PBXGroup section */

/* Begin PBXNativeTarget section */
		43B71A46246AA13400E078F6 /* DCGravityImage */ = {
			isa = PBXNativeTarget;
			buildConfigurationList = 43B71A76246AA13600E078F6 /* Build configuration list for PBXNativeTarget "DCGravityImage" */;
			buildPhases = (
				F9CF924099A7BA8AD8E6904D /* [CP] Check Pods Manifest.lock */,
				43B71A43246AA13400E078F6 /* Sources */,
				43B71A44246AA13400E078F6 /* Frameworks */,
				43B71A45246AA13400E078F6 /* Resources */,
			);
			buildRules = (
			);
			dependencies = (
			);
			name = DCGravityImage;
			productName = DCGravityImage;
			productReference = 43B71A47246AA13400E078F6 /* DCGravityImage.app */;
			productType = "com.apple.product-type.application";
		};
		43B71A61246AA13500E078F6 /* DCGravityImageTests */ = {
			isa = PBXNativeTarget;
			buildConfigurationList = 43B71A79246AA13600E078F6 /* Build configuration list for PBXNativeTarget "DCGravityImageTests" */;
			buildPhases = (
				43B71A5E246AA13500E078F6 /* Sources */,
				43B71A5F246AA13500E078F6 /* Frameworks */,
				43B71A60246AA13500E078F6 /* Resources */,
			);
			buildRules = (
			);
			dependencies = (
				43B71A64246AA13500E078F6 /* PBXTargetDependency */,
			);
			name = DCGravityImageTests;
			productName = DCGravityImageTests;
			productReference = 43B71A62246AA13500E078F6 /* DCGravityImageTests.xctest */;
			productType = "com.apple.product-type.bundle.unit-test";
		};
		43B71A6C246AA13500E078F6 /* DCGravityImageUITests */ = {
			isa = PBXNativeTarget;
			buildConfigurationList = 43B71A7C246AA13600E078F6 /* Build configuration list for PBXNativeTarget "DCGravityImageUITests" */;
			buildPhases = (
				43B71A69246AA13500E078F6 /* Sources */,
				43B71A6A246AA13500E078F6 /* Frameworks */,
				43B71A6B246AA13500E078F6 /* Resources */,
			);
			buildRules = (
			);
			dependencies = (
				43B71A6F246AA13500E078F6 /* PBXTargetDependency */,
			);
			name = DCGravityImageUITests;
			productName = DCGravityImageUITests;
			productReference = 43B71A6D246AA13500E078F6 /* DCGravityImageUITests.xctest */;
			productType = "com.apple.product-type.bundle.ui-testing";
		};
/* End PBXNativeTarget section */

/* Begin PBXProject section */
		43B71A3F246AA13400E078F6 /* Project object */ = {
			isa = PBXProject;
			attributes = {
				LastUpgradeCheck = 1140;
				ORGANIZATIONNAME = "戴川";
				TargetAttributes = {
					43B71A46246AA13400E078F6 = {
						CreatedOnToolsVersion = 11.4.1;
					};
					43B71A61246AA13500E078F6 = {
						CreatedOnToolsVersion = 11.4.1;
						TestTargetID = 43B71A46246AA13400E078F6;
					};
					43B71A6C246AA13500E078F6 = {
						CreatedOnToolsVersion = 11.4.1;
						TestTargetID = 43B71A46246AA13400E078F6;
					};
				};
			};
			buildConfigurationList = 43B71A42246AA13400E078F6 /* Build configuration list for PBXProject "DCGravityImage" */;
			compatibilityVersion = "Xcode 9.3";
			developmentRegion = en;
			hasScannedForEncodings = 0;
			knownRegions = (
				en,
				Base,
			);
			mainGroup = 43B71A3E246AA13400E078F6;
			productRefGroup = 43B71A48246AA13400E078F6 /* Products */;
			projectDirPath = "";
			projectRoot = "";
			targets = (
				43B71A46246AA13400E078F6 /* DCGravityImage */,
				43B71A61246AA13500E078F6 /* DCGravityImageTests */,
				43B71A6C246AA13500E078F6 /* DCGravityImageUITests */,
			);
		};
/* End PBXProject section */

/* Begin PBXResourcesBuildPhase section */
		43B71A45246AA13400E078F6 /* Resources */ = {
			isa = PBXResourcesBuildPhase;
			buildActionMask = 2147483647;
			files = (
				43B71A5A246AA13500E078F6 /* LaunchScreen.storyboard in Resources */,
				43B71A57246AA13500E078F6 /* Assets.xcassets in Resources */,
				43B71A55246AA13400E078F6 /* Main.storyboard in Resources */,
			);
			runOnlyForDeploymentPostprocessing = 0;
		};
		43B71A60246AA13500E078F6 /* Resources */ = {
			isa = PBXResourcesBuildPhase;
			buildActionMask = 2147483647;
			files = (
			);
			runOnlyForDeploymentPostprocessing = 0;
		};
		43B71A6B246AA13500E078F6 /* Resources */ = {
			isa = PBXResourcesBuildPhase;
			buildActionMask = 2147483647;
			files = (
			);
			runOnlyForDeploymentPostprocessing = 0;
		};
/* End PBXResourcesBuildPhase section */

/* Begin PBXShellScriptBuildPhase section */
		F9CF924099A7BA8AD8E6904D /* [CP] Check Pods Manifest.lock */ = {
			isa = PBXShellScriptBuildPhase;
			buildActionMask = 2147483647;
			files = (
			);
			inputFileListPaths = (
			);
			inputPaths = (
				"${PODS_PODFILE_DIR_PATH}/Podfile.lock",
				"${PODS_ROOT}/Manifest.lock",
			);
			name = "[CP] Check Pods Manifest.lock";
			outputFileListPaths = (
			);
			outputPaths = (
				"$(DERIVED_FILE_DIR)/Pods-DCGravityImage-checkManifestLockResult.txt",
			);
			runOnlyForDeploymentPostprocessing = 0;
			shellPath = /bin/sh;
			shellScript = "diff \"${PODS_PODFILE_DIR_PATH}/Podfile.lock\" \"${PODS_ROOT}/Manifest.lock\" > /dev/null\nif [ $? != 0 ] ; then\n    # print error to STDERR\n    echo \"error: The sandbox is not in sync with the Podfile.lock. Run 'pod install' or update your CocoaPods installation.\" >&2\n    exit 1\nfi\n# This output is used by Xcode 'outputs' to avoid re-running this script phase.\necho \"SUCCESS\" > \"${SCRIPT_OUTPUT_FILE_0}\"\n";
			showEnvVarsInLog = 0;
		};
/* End PBXShellScriptBuildPhase section */

/* Begin PBXSourcesBuildPhase section */
		43B71A43246AA13400E078F6 /* Sources */ = {
			isa = PBXSourcesBuildPhase;
			buildActionMask = 2147483647;
			files = (
				434862422473D1980009D111 /* DCMotionManager.m in Sources */,
				434862412473D1980009D111 /* DCGravityImageView.m in Sources */,
				43B71A52246AA13400E078F6 /* ViewController.m in Sources */,
				43B71A4C246AA13400E078F6 /* AppDelegate.m in Sources */,
				43B71A5D246AA13500E078F6 /* main.m in Sources */,
				43B71A4F246AA13400E078F6 /* SceneDelegate.m in Sources */,
			);
			runOnlyForDeploymentPostprocessing = 0;
		};
		43B71A5E246AA13500E078F6 /* Sources */ = {
			isa = PBXSourcesBuildPhase;
			buildActionMask = 2147483647;
			files = (
				43B71A67246AA13500E078F6 /* DCGravityImageTests.m in Sources */,
			);
			runOnlyForDeploymentPostprocessing = 0;
		};
		43B71A69246AA13500E078F6 /* Sources */ = {
			isa = PBXSourcesBuildPhase;
			buildActionMask = 2147483647;
			files = (
				43B71A72246AA13600E078F6 /* DCGravityImageUITests.m in Sources */,
			);
			runOnlyForDeploymentPostprocessing = 0;
		};
/* End PBXSourcesBuildPhase section */

/* Begin PBXTargetDependency section */
		43B71A64246AA13500E078F6 /* PBXTargetDependency */ = {
			isa = PBXTargetDependency;
			target = 43B71A46246AA13400E078F6 /* DCGravityImage */;
			targetProxy = 43B71A63246AA13500E078F6 /* PBXContainerItemProxy */;
		};
		43B71A6F246AA13500E078F6 /* PBXTargetDependency */ = {
			isa = PBXTargetDependency;
			target = 43B71A46246AA13400E078F6 /* DCGravityImage */;
			targetProxy = 43B71A6E246AA13500E078F6 /* PBXContainerItemProxy */;
		};
/* End PBXTargetDependency section */

/* Begin PBXVariantGroup section */
		43B71A53246AA13400E078F6 /* Main.storyboard */ = {
			isa = PBXVariantGroup;
			children = (
				43B71A54246AA13400E078F6 /* Base */,
			);
			name = Main.storyboard;
			sourceTree = "<group>";
		};
		43B71A58246AA13500E078F6 /* LaunchScreen.storyboard */ = {
			isa = PBXVariantGroup;
			children = (
				43B71A59246AA13500E078F6 /* Base */,
			);
			name = LaunchScreen.storyboard;
			sourceTree = "<group>";
		};
/* End PBXVariantGroup section */

/* Begin XCBuildConfiguration section */
		43B71A74246AA13600E078F6 /* Debug */ = {
			isa = XCBuildConfiguration;
			buildSettings = {
				ALWAYS_SEARCH_USER_PATHS = NO;
				CLANG_ANALYZER_NONNULL = YES;
				CLANG_ANALYZER_NUMBER_OBJECT_CONVERSION = YES_AGGRESSIVE;
				CLANG_CXX_LANGUAGE_STANDARD = "gnu++14";
				CLANG_CXX_LIBRARY = "libc++";
				CLANG_ENABLE_MODULES = YES;
				CLANG_ENABLE_OBJC_ARC = YES;
				CLANG_ENABLE_OBJC_WEAK = YES;
				CLANG_WARN_BLOCK_CAPTURE_AUTORELEASING = YES;
				CLANG_WARN_BOOL_CONVERSION = YES;
				CLANG_WARN_COMMA = YES;
				CLANG_WARN_CONSTANT_CONVERSION = YES;
				CLANG_WARN_DEPRECATED_OBJC_IMPLEMENTATIONS = YES;
				CLANG_WARN_DIRECT_OBJC_ISA_USAGE = YES_ERROR;
				CLANG_WARN_DOCUMENTATION_COMMENTS = YES;
				CLANG_WARN_EMPTY_BODY = YES;
				CLANG_WARN_ENUM_CONVERSION = YES;
				CLANG_WARN_INFINITE_RECURSION = YES;
				CLANG_WARN_INT_CONVERSION = YES;
				CLANG_WARN_NON_LITERAL_NULL_CONVERSION = YES;
				CLANG_WARN_OBJC_IMPLICIT_RETAIN_SELF = YES;
				CLANG_WARN_OBJC_LITERAL_CONVERSION = YES;
				CLANG_WARN_OBJC_ROOT_CLASS = YES_ERROR;
				CLANG_WARN_RANGE_LOOP_ANALYSIS = YES;
				CLANG_WARN_STRICT_PROTOTYPES = YES;
				CLANG_WARN_SUSPICIOUS_MOVE = YES;
				CLANG_WARN_UNGUARDED_AVAILABILITY = YES_AGGRESSIVE;
				CLANG_WARN_UNREACHABLE_CODE = YES;
				CLANG_WARN__DUPLICATE_METHOD_MATCH = YES;
				COPY_PHASE_STRIP = NO;
				DEBUG_INFORMATION_FORMAT = dwarf;
				ENABLE_STRICT_OBJC_MSGSEND = YES;
				ENABLE_TESTABILITY = YES;
				GCC_C_LANGUAGE_STANDARD = gnu11;
				GCC_DYNAMIC_NO_PIC = NO;
				GCC_NO_COMMON_BLOCKS = YES;
				GCC_OPTIMIZATION_LEVEL = 0;
				GCC_PREPROCESSOR_DEFINITIONS = (
					"DEBUG=1",
					"$(inherited)",
				);
				GCC_WARN_64_TO_32_BIT_CONVERSION = YES;
				GCC_WARN_ABOUT_RETURN_TYPE = YES_ERROR;
				GCC_WARN_UNDECLARED_SELECTOR = YES;
				GCC_WARN_UNINITIALIZED_AUTOS = YES_AGGRESSIVE;
				GCC_WARN_UNUSED_FUNCTION = YES;
				GCC_WARN_UNUSED_VARIABLE = YES;
				IPHONEOS_DEPLOYMENT_TARGET = 13.4;
				MTL_ENABLE_DEBUG_INFO = INCLUDE_SOURCE;
				MTL_FAST_MATH = YES;
				ONLY_ACTIVE_ARCH = YES;
				SDKROOT = iphoneos;
			};
			name = Debug;
		};
		43B71A75246AA13600E078F6 /* Release */ = {
			isa = XCBuildConfiguration;
			buildSettings = {
				ALWAYS_SEARCH_USER_PATHS = NO;
				CLANG_ANALYZER_NONNULL = YES;
				CLANG_ANALYZER_NUMBER_OBJECT_CONVERSION = YES_AGGRESSIVE;
				CLANG_CXX_LANGUAGE_STANDARD = "gnu++14";
				CLANG_CXX_LIBRARY = "libc++";
				CLANG_ENABLE_MODULES = YES;
				CLANG_ENABLE_OBJC_ARC = YES;
				CLANG_ENABLE_OBJC_WEAK = YES;
				CLANG_WARN_BLOCK_CAPTURE_AUTORELEASING = YES;
				CLANG_WARN_BOOL_CONVERSION = YES;
				CLANG_WARN_COMMA = YES;
				CLANG_WARN_CONSTANT_CONVERSION = YES;
				CLANG_WARN_DEPRECATED_OBJC_IMPLEMENTATIONS = YES;
				CLANG_WARN_DIRECT_OBJC_ISA_USAGE = YES_ERROR;
				CLANG_WARN_DOCUMENTATION_COMMENTS = YES;
				CLANG_WARN_EMPTY_BODY = YES;
				CLANG_WARN_ENUM_CONVERSION = YES;
				CLANG_WARN_INFINITE_RECURSION = YES;
				CLANG_WARN_INT_CONVERSION = YES;
				CLANG_WARN_NON_LITERAL_NULL_CONVERSION = YES;
				CLANG_WARN_OBJC_IMPLICIT_RETAIN_SELF = YES;
				CLANG_WARN_OBJC_LITERAL_CONVERSION = YES;
				CLANG_WARN_OBJC_ROOT_CLASS = YES_ERROR;
				CLANG_WARN_RANGE_LOOP_ANALYSIS = YES;
				CLANG_WARN_STRICT_PROTOTYPES = YES;
				CLANG_WARN_SUSPICIOUS_MOVE = YES;
				CLANG_WARN_UNGUARDED_AVAILABILITY = YES_AGGRESSIVE;
				CLANG_WARN_UNREACHABLE_CODE = YES;
				CLANG_WARN__DUPLICATE_METHOD_MATCH = YES;
				COPY_PHASE_STRIP = NO;
				DEBUG_INFORMATION_FORMAT = "dwarf-with-dsym";
				ENABLE_NS_ASSERTIONS = NO;
				ENABLE_STRICT_OBJC_MSGSEND = YES;
				GCC_C_LANGUAGE_STANDARD = gnu11;
				GCC_NO_COMMON_BLOCKS = YES;
				GCC_WARN_64_TO_32_BIT_CONVERSION = YES;
				GCC_WARN_ABOUT_RETURN_TYPE = YES_ERROR;
				GCC_WARN_UNDECLARED_SELECTOR = YES;
				GCC_WARN_UNINITIALIZED_AUTOS = YES_AGGRESSIVE;
				GCC_WARN_UNUSED_FUNCTION = YES;
				GCC_WARN_UNUSED_VARIABLE = YES;
				IPHONEOS_DEPLOYMENT_TARGET = 13.4;
				MTL_ENABLE_DEBUG_INFO = NO;
				MTL_FAST_MATH = YES;
				SDKROOT = iphoneos;
				VALIDATE_PRODUCT = YES;
			};
			name = Release;
		};
		43B71A77246AA13600E078F6 /* Debug */ = {
			isa = XCBuildConfiguration;
			baseConfigurationReference = 060705383AE96B1231AD2ED7 /* Pods-DCGravityImage.debug.xcconfig */;
			buildSettings = {
				ASSETCATALOG_COMPILER_APPICON_NAME = AppIcon;
				CODE_SIGN_STYLE = Automatic;
				DEVELOPMENT_TEAM = HHX694MS79;
				INFOPLIST_FILE = DCGravityImage/Info.plist;
				LD_RUNPATH_SEARCH_PATHS = (
					"$(inherited)",
					"@executable_path/Frameworks",
				);
				PRODUCT_BUNDLE_IDENTIFIER = com.daichuan.DCGravityImage;
				PRODUCT_NAME = "$(TARGET_NAME)";
				TARGETED_DEVICE_FAMILY = "1,2";
			};
			name = Debug;
		};
		43B71A78246AA13600E078F6 /* Release */ = {
			isa = XCBuildConfiguration;
			baseConfigurationReference = 856C79650944EDB72A7ACD1A /* Pods-DCGravityImage.release.xcconfig */;
			buildSettings = {
				ASSETCATALOG_COMPILER_APPICON_NAME = AppIcon;
				CODE_SIGN_STYLE = Automatic;
				DEVELOPMENT_TEAM = HHX694MS79;
				INFOPLIST_FILE = DCGravityImage/Info.plist;
				LD_RUNPATH_SEARCH_PATHS = (
					"$(inherited)",
					"@executable_path/Frameworks",
				);
				PRODUCT_BUNDLE_IDENTIFIER = com.daichuan.DCGravityImage;
				PRODUCT_NAME = "$(TARGET_NAME)";
				TARGETED_DEVICE_FAMILY = "1,2";
			};
			name = Release;
		};
		43B71A7A246AA13600E078F6 /* Debug */ = {
			isa = XCBuildConfiguration;
			buildSettings = {
				BUNDLE_LOADER = "$(TEST_HOST)";
				CODE_SIGN_STYLE = Automatic;
				INFOPLIST_FILE = DCGravityImageTests/Info.plist;
				IPHONEOS_DEPLOYMENT_TARGET = 13.4;
				LD_RUNPATH_SEARCH_PATHS = (
					"$(inherited)",
					"@executable_path/Frameworks",
					"@loader_path/Frameworks",
				);
				PRODUCT_BUNDLE_IDENTIFIER = DC.DCGravityImageTests;
				PRODUCT_NAME = "$(TARGET_NAME)";
				TARGETED_DEVICE_FAMILY = "1,2";
				TEST_HOST = "$(BUILT_PRODUCTS_DIR)/DCGravityImage.app/DCGravityImage";
			};
			name = Debug;
		};
		43B71A7B246AA13600E078F6 /* Release */ = {
			isa = XCBuildConfiguration;
			buildSettings = {
				BUNDLE_LOADER = "$(TEST_HOST)";
				CODE_SIGN_STYLE = Automatic;
				INFOPLIST_FILE = DCGravityImageTests/Info.plist;
				IPHONEOS_DEPLOYMENT_TARGET = 13.4;
				LD_RUNPATH_SEARCH_PATHS = (
					"$(inherited)",
					"@executable_path/Frameworks",
					"@loader_path/Frameworks",
				);
				PRODUCT_BUNDLE_IDENTIFIER = DC.DCGravityImageTests;
				PRODUCT_NAME = "$(TARGET_NAME)";
				TARGETED_DEVICE_FAMILY = "1,2";
				TEST_HOST = "$(BUILT_PRODUCTS_DIR)/DCGravityImage.app/DCGravityImage";
			};
			name = Release;
		};
		43B71A7D246AA13600E078F6 /* Debug */ = {
			isa = XCBuildConfiguration;
			buildSettings = {
				CODE_SIGN_STYLE = Automatic;
				INFOPLIST_FILE = DCGravityImageUITests/Info.plist;
				LD_RUNPATH_SEARCH_PATHS = (
					"$(inherited)",
					"@executable_path/Frameworks",
					"@loader_path/Frameworks",
				);
				PRODUCT_BUNDLE_IDENTIFIER = DC.DCGravityImageUITests;
				PRODUCT_NAME = "$(TARGET_NAME)";
				TARGETED_DEVICE_FAMILY = "1,2";
				TEST_TARGET_NAME = DCGravityImage;
			};
			name = Debug;
		};
		43B71A7E246AA13600E078F6 /* Release */ = {
			isa = XCBuildConfiguration;
			buildSettings = {
				CODE_SIGN_STYLE = Automatic;
				INFOPLIST_FILE = DCGravityImageUITests/Info.plist;
				LD_RUNPATH_SEARCH_PATHS = (
					"$(inherited)",
					"@executable_path/Frameworks",
					"@loader_path/Frameworks",
				);
				PRODUCT_BUNDLE_IDENTIFIER = DC.DCGravityImageUITests;
				PRODUCT_NAME = "$(TARGET_NAME)";
				TARGETED_DEVICE_FAMILY = "1,2";
				TEST_TARGET_NAME = DCGravityImage;
			};
			name = Release;
		};
/* End XCBuildConfiguration section */

/* Begin XCConfigurationList section */
		43B71A42246AA13400E078F6 /* Build configuration list for PBXProject "DCGravityImage" */ = {
			isa = XCConfigurationList;
			buildConfigurations = (
				43B71A74246AA13600E078F6 /* Debug */,
				43B71A75246AA13600E078F6 /* Release */,
			);
			defaultConfigurationIsVisible = 0;
			defaultConfigurationName = Release;
		};
		43B71A76246AA13600E078F6 /* Build configuration list for PBXNativeTarget "DCGravityImage" */ = {
			isa = XCConfigurationList;
			buildConfigurations = (
				43B71A77246AA13600E078F6 /* Debug */,
				43B71A78246AA13600E078F6 /* Release */,
			);
			defaultConfigurationIsVisible = 0;
			defaultConfigurationName = Release;
		};
		43B71A79246AA13600E078F6 /* Build configuration list for PBXNativeTarget "DCGravityImageTests" */ = {
			isa = XCConfigurationList;
			buildConfigurations = (
				43B71A7A246AA13600E078F6 /* Debug */,
				43B71A7B246AA13600E078F6 /* Release */,
			);
			defaultConfigurationIsVisible = 0;
			defaultConfigurationName = Release;
		};
		43B71A7C246AA13600E078F6 /* Build configuration list for PBXNativeTarget "DCGravityImageUITests" */ = {
			isa = XCConfigurationList;
			buildConfigurations = (
				43B71A7D246AA13600E078F6 /* Debug */,
				43B71A7E246AA13600E078F6 /* Release */,
			);
			defaultConfigurationIsVisible = 0;
			defaultConfigurationName = Release;
		};
/* End XCConfigurationList section */
	};
	rootObject = 43B71A3F246AA13400E078F6 /* Project object */;
}
